// !$*UTF8*$!
{
	archiveVersion = 1;
	classes = {
	};
	objectVersion = 46;
	objects = {

/* Begin PBXBuildFile section */
		6968C2E71BD5262C004476BC /* AppDelegate.swift in Sources */ = {isa = PBXBuildFile; fileRef = 6968C2E61BD5262C004476BC /* AppDelegate.swift */; };
		6968C2E91BD5262C004476BC /* ViewController.swift in Sources */ = {isa = PBXBuildFile; fileRef = 6968C2E81BD5262C004476BC /* ViewController.swift */; };
		6968C2EC1BD5262C004476BC /* Main.storyboard in Resources */ = {isa = PBXBuildFile; fileRef = 6968C2EA1BD5262C004476BC /* Main.storyboard */; };
		6968C2EE1BD5262C004476BC /* Assets.xcassets in Resources */ = {isa = PBXBuildFile; fileRef = 6968C2ED1BD5262C004476BC /* Assets.xcassets */; };
		6968C2F11BD5262C004476BC /* LaunchScreen.storyboard in Resources */ = {isa = PBXBuildFile; fileRef = 6968C2EF1BD5262C004476BC /* LaunchScreen.storyboard */; };
/* End PBXBuildFile section */

/* Begin PBXFileReference section */
		6968C2E31BD5262C004476BC /* laskuri.app */ = {isa = PBXFileReference; explicitFileType = wrapper.application; includeInIndex = 0; path = laskuri.app; sourceTree = BUILT_PRODUCTS_DIR; };
		6968C2E61BD5262C004476BC /* AppDelegate.swift */ = {isa = PBXFileReference; lastKnownFileType = sourcecode.swift; path = AppDelegate.swift; sourceTree = "<group>"; };
		6968C2E81BD5262C004476BC /* ViewController.swift */ = {isa = PBXFileReference; lastKnownFileType = sourcecode.swift; path = ViewController.swift; sourceTree = "<group>"; };
		6968C2EB1BD5262C004476BC /* Base */ = {isa = PBXFileReference; lastKnownFileType = file.storyboard; name = Base; path = Base.lproj/Main.storyboard; sourceTree = "<group>"; };
		6968C2ED1BD5262C004476BC /* Assets.xcassets */ = {isa = PBXFileReference; lastKnownFileType = folder.assetcatalog; path = Assets.xcassets; sourceTree = "<group>"; };
		6968C2F01BD5262C004476BC /* Base */ = {isa = PBXFileReference; lastKnownFileType = file.storyboard; name = Base; path = Base.lproj/LaunchScreen.storyboard; sourceTree = "<group>"; };
		6968C2F21BD5262C004476BC /* Info.plist */ = {isa = PBXFileReference; lastKnownFileType = text.plist.xml; path = Info.plist; sourceTree = "<group>"; };
/* End PBXFileReference section */

/* Begin PBXFrameworksBuildPhase section */
		6968C2E01BD5262C004476BC /* Frameworks */ = {
			isa = PBXFrameworksBuildPhase;
			buildActionMask = 2147483647;
			files = (
			);
			runOnlyForDeploymentPostprocessing = 0;
		};
/* End PBXFrameworksBuildPhase section */

/* Begin PBXGroup section */
		6968C2DA1BD5262C004476BC = {
			isa = PBXGroup;
			children = (
				6968C2E51BD5262C004476BC /* laskuri */,
				6968C2E41BD5262C004476BC /* Products */,
			);
			sourceTree = "<group>";
		};
		6968C2E41BD5262C004476BC /* Products */ = {
			isa = PBXGroup;
			children = (
				6968C2E31BD5262C004476BC /* laskuri.app */,
			);
			name = Products;
			sourceTree = "<group>";
		};
		6968C2E51BD5262C004476BC /* laskuri */ = {
			isa = PBXGroup;
			children = (
				6968C2E61BD5262C004476BC /* AppDelegate.swift */,
				6968C2E81BD5262C004476BC /* ViewController.swift */,
				6968C2EA1BD5262C004476BC /* Main.storyboard */,
				6968C2ED1BD5262C004476BC /* Assets.xcassets */,
				6968C2EF1BD5262C004476BC /* LaunchScreen.storyboard */,
				6968C2F21BD5262C004476BC /* Info.plist */,
			);
			path = laskuri;
			sourceTree = "<group>";
		};
/* End PBXGroup section */

/* Begin PBXNativeTarget section */
		6968C2E21BD5262C004476BC /* laskuri */ = {
			isa = PBXNativeTarget;
			buildConfigurationList = 6968C2F51BD5262C004476BC /* Build configuration list for PBXNativeTarget "laskuri" */;
			buildPhases = (
				6968C2DF1BD5262C004476BC /* Sources */,
				6968C2E01BD5262C004476BC /* Frameworks */,
				6968C2E11BD5262C004476BC /* Resources */,
			);
			buildRules = (
			);
			dependencies = (
			);
			name = laskuri;
			productName = laskuri;
			productReference = 6968C2E31BD5262C004476BC /* laskuri.app */;
			productType = "com.apple.product-type.application";
		};
/* End PBXNativeTarget section */

/* Begin PBXProject section */
		6968C2DB1BD5262C004476BC /* Project object */ = {
			isa = PBXProject;
			attributes = {
				LastUpgradeCheck = 0700;
				ORGANIZATIONNAME = "Tuomas Aaltonen";
				TargetAttributes = {
					6968C2E21BD5262C004476BC = {
						CreatedOnToolsVersion = 7.0.1;
					};
				};
			};
			buildConfigurationList = 6968C2DE1BD5262C004476BC /* Build configuration list for PBXProject "laskuri" */;
			compatibilityVersion = "Xcode 3.2";
			developmentRegion = English;
			hasScannedForEncodings = 0;
			knownRegions = (
				en,
				Base,
			);
			mainGroup = 6968C2DA1BD5262C004476BC;
			productRefGroup = 6968C2E41BD5262C004476BC /* Products */;
			projectDirPath = "";
			projectRoot = "";
			targets = (
				6968C2E21BD5262C004476BC /* laskuri */,
			);
		};
/* End PBXProject section */

/* Begin PBXResourcesBuildPhase section */
		6968C2E11BD5262C004476BC /* Resources */ = {
			isa = PBXResourcesBuildPhase;
			buildActionMask = 2147483647;
			files = (
				6968C2F11BD5262C004476BC /* LaunchScreen.storyboard in Resources */,
				6968C2EE1BD5262C004476BC /* Assets.xcassets in Resources */,
				6968C2EC1BD5262C004476BC /* Main.storyboard in Resources */,
			);
			runOnlyForDeploymentPostprocessing = 0;
		};
/* End PBXResourcesBuildPhase section */

/* Begin PBXSourcesBuildPhase section */
		6968C2DF1BD5262C004476BC /* Sources */ = {
			isa = PBXSourcesBuildPhase;
			buildActionMask = 2147483647;
			files = (
				6968C2E91BD5262C004476BC /* ViewController.swift in Sources */,
				6968C2E71BD5262C004476BC /* AppDelegate.swift in Sources */,
			);
			runOnlyForDeploymentPostprocessing = 0;
		};
/* End PBXSourcesBuildPhase section */

/* Begin PBXVariantGroup section */
		6968C2EA1BD5262C004476BC /* Main.storyboard */ = {
			isa = PBXVariantGroup;
			children = (
				6968C2EB1BD5262C004476BC /* Base */,
			);
			name = Main.storyboard;
			sourceTree = "<group>";
		};
		6968C2EF1BD5262C004476BC /* LaunchScreen.storyboard */ = {
			isa = PBXVariantGroup;
			children = (
				6968C2F01BD5262C004476BC /* Base */,
			);
			name = LaunchScreen.storyboard;
			sourceTree = "<group>";
		};
/* End PBXVariantGroup section */

/* Begin XCBuildConfiguration section */
		6968C2F31BD5262C004476BC /* Debug */ = {
			isa = XCBuildConfiguration;
			buildSettings = {
				ALWAYS_SEARCH_USER_PATHS = NO;
				CLANG_CXX_LANGUAGE_STANDARD = "gnu++0x";
				CLANG_CXX_LIBRARY = "libc++";
				CLANG_ENABLE_MODULES = YES;
				CLANG_ENABLE_OBJC_ARC = YES;
				CLANG_WARN_BOOL_CONVERSION = YES;
				CLANG_WARN_CONSTANT_CONVERSION = YES;
				CLANG_WARN_DIRECT_OBJC_ISA_USAGE = YES_ERROR;
				CLANG_WARN_EMPTY_BODY = YES;
				CLANG_WARN_ENUM_CONVERSION = YES;
				CLANG_WARN_INT_CONVERSION = YES;
				CLANG_WARN_OBJC_ROOT_CLASS = YES_ERROR;
				CLANG_WARN_UNREACHABLE_CODE = YES;
				CLANG_WARN__DUPLICATE_METHOD_MATCH = YES;
				"CODE_SIGN_IDENTITY[sdk=iphoneos*]" = "iPhone Developer";
				COPY_PHASE_STRIP = NO;
				DEBUG_INFORMATION_FORMAT = dwarf;
				ENABLE_STRICT_OBJC_MSGSEND = YES;
				ENABLE_TESTABILITY = YES;
				GCC_C_LANGUAGE_STANDARD = gnu99;
				GCC_DYNAMIC_NO_PIC = NO;
				GCC_NO_COMMON_BLOCKS = YES;
				GCC_OPTIMIZATION_LEVEL = 0;
				GCC_PREPROCESSOR_DEFINITIONS = (
					"DEBUG=1",
					"$(inherited)",
				);
				GCC_WARN_64_TO_32_BIT_CONVERSION = YES;
				GCC_WARN_ABOUT_RETURN_TYPE = YES_ERROR;
				GCC_WARN_UNDECLARED_SELECTOR = YES;
				GCC_WARN_UNINITIALIZED_AUTOS = YES_AGGRESSIVE;
				GCC_WARN_UNUSED_FUNCTION = YES;
				GCC_WARN_UNUSED_VARIABLE = YES;
				IPHONEOS_DEPLOYMENT_TARGET = 9.0;
				MTL_ENABLE_DEBUG_INFO = YES;
				ONLY_ACTIVE_ARCH = YES;
				SDKROOT = iphoneos;
				SWIFT_OPTIMIZATION_LEVEL = "-Onone";
				TARGETED_DEVICE_FAMILY = "1,2";
			};
			name = Debug;
		};
		6968C2F41BD5262C004476BC /* Release */ = {
			isa = XCBuildConfiguration;
			buildSettings = {
				ALWAYS_SEARCH_USER_PATHS = NO;
				CLANG_CXX_LANGUAGE_STANDARD = "gnu++0x";
				CLANG_CXX_LIBRARY = "libc++";
				CLANG_ENABLE_MODULES = YES;
				CLANG_ENABLE_OBJC_ARC = YES;
				CLANG_WARN_BOOL_CONVERSION = YES;
				CLANG_WARN_CONSTANT_CONVERSION = YES;
				CLANG_WARN_DIRECT_OBJC_ISA_USAGE = YES_ERROR;
				CLANG_WARN_EMPTY_BODY = YES;
				CLANG_WARN_ENUM_CONVERSION = YES;
				CLANG_WARN_INT_CONVERSION = YES;
				CLANG_WARN_OBJC_ROOT_CLASS = YES_ERROR;
				CLANG_WARN_UNREACHABLE_CODE = YES;
				CLANG_WARN__DUPLICATE_METHOD_MATCH = YES;
				"CODE_SIGN_IDENTITY[sdk=iphoneos*]" = "iPhone Developer";
				COPY_PHASE_STRIP = NO;
				DEBUG_INFORMATION_FORMAT = "dwarf-with-dsym";
				ENABLE_NS_ASSERTIONS = NO;
				ENABLE_STRICT_OBJC_MSGSEND = YES;
				GCC_C_LANGUAGE_STANDARD = gnu99;
				GCC_NO_COMMON_BLOCKS = YES;
				GCC_WARN_64_TO_32_BIT_CONVERSION = YES;
				GCC_WARN_ABOUT_RETURN_TYPE = YES_ERROR;
				GCC_WARN_UNDECLARED_SELECTOR = YES;
				GCC_WARN_UNINITIALIZED_AUTOS = YES_AGGRESSIVE;
				GCC_WARN_UNUSED_FUNCTION = YES;
				GCC_WARN_UNUSED_VARIABLE = YES;
				IPHONEOS_DEPLOYMENT_TARGET = 9.0;
				MTL_ENABLE_DEBUG_INFO = NO;
				SDKROOT = iphoneos;
				TARGETED_DEVICE_FAMILY = "1,2";
				VALIDATE_PRODUCT = YES;
			};
			name = Release;
		};
		6968C2F61BD5262C004476BC /* Debug */ = {
			isa = XCBuildConfiguration;
			buildSettings = {
				ASSETCATALOG_COMPILER_APPICON_NAME = AppIcon;
				INFOPLIST_FILE = laskuri/Info.plist;
				LD_RUNPATH_SEARCH_PATHS = "$(inherited) @executable_path/Frameworks";
				PRODUCT_BUNDLE_IDENTIFIER = tamk.laskuri;
				PRODUCT_NAME = "$(TARGET_NAME)";
			};
			name = Debug;
		};
		6968C2F71BD5262C004476BC /* Release */ = {
			isa = XCBuildConfiguration;
			buildSettings = {
				ASSETCATALOG_COMPILER_APPICON_NAME = AppIcon;
				INFOPLIST_FILE = laskuri/Info.plist;
				LD_RUNPATH_SEARCH_PATHS = "$(inherited) @executable_path/Frameworks";
				PRODUCT_BUNDLE_IDENTIFIER = tamk.laskuri;
				PRODUCT_NAME = "$(TARGET_NAME)";
			};
			name = Release;
		};
/* End XCBuildConfiguration section */

/* Begin XCConfigurationList section */
		6968C2DE1BD5262C004476BC /* Build configuration list for PBXProject "laskuri" */ = {
			isa = XCConfigurationList;
			buildConfigurations = (
				6968C2F31BD5262C004476BC /* Debug */,
				6968C2F41BD5262C004476BC /* Release */,
			);
			defaultConfigurationIsVisible = 0;
			defaultConfigurationName = Release;
		};
		6968C2F51BD5262C004476BC /* Build configuration list for PBXNativeTarget "laskuri" */ = {
			isa = XCConfigurationList;
			buildConfigurations = (
				6968C2F61BD5262C004476BC /* Debug */,
				6968C2F71BD5262C004476BC /* Release */,
			);
			defaultConfigurationIsVisible = 0;
		};
/* End XCConfigurationList section */
	};
	rootObject = 6968C2DB1BD5262C004476BC /* Project object */;
}
